
Microsoft Visual Studio Solution File, Format Version 12.00
# Visual Studio Version 17
VisualStudioVersion = 17.4.33110.190
MinimumVisualStudioVersion = 10.0.40219.1
Project("{FAE04EC0-301F-11D3-BF4B-00C04F79EFBC}") = "SimpleEmailApp", "SimpleEmailApp\SimpleEmailApp.csproj", "{802C40A3-ED5A-4861-8985-20068D35E1C1}"
EndProject
Global
	GlobalSection(SolutionConfigurationPlatforms) = preSolution
		Debug|Any CPU = Debug|Any CPU
		Release|Any CPU = Release|Any CPU
	EndGlobalSection
	GlobalSection(ProjectConfigurationPlatforms) = postSolution
		{802C40A3-ED5A-4861-8985-20068D35E1C1}.Debug|Any CPU.ActiveCfg = Debug|Any CPU
		{802C40A3-ED5A-4861-8985-20068D35E1C1}.Debug|Any CPU.Build.0 = Debug|Any CPU
		{802C40A3-ED5A-4861-8985-20068D35E1C1}.Release|Any CPU.ActiveCfg = Release|Any CPU
		{802C40A3-ED5A-4861-8985-20068D35E1C1}.Release|Any CPU.Build.0 = Release|Any CPU
	EndGlobalSection
	GlobalSection(SolutionProperties) = preSolution
		HideSolutionNode = FALSE
	EndGlobalSection
	GlobalSection(ExtensibilityGlobals) = postSolution
		SolutionGuid = {E8319280-5133-45D7-A197-002FCB798910}
	EndGlobalSection
EndGlobal
